{
  "originHash" : "ec8163604a26f87511c8fb2238308517c87cc3b443e50215570eed69dbb15c51",
  "pins" : [
    {
      "identity" : "monoui",
      "kind" : "remoteSourceControl",
      "location" : "https://github.com/CmST0us/MonoUI.git",
      "state" : {
        "branch" : "main",
        "revision" : "2c33149e37a22ef73270b3f30925765f538a6d6f"
      }
    },
    {
      "identity" : "swiftsdl2",
      "kind" : "remoteSourceControl",
      "location" : "https://github.com/CmST0us/SwiftSDL2.git",
      "state" : {
        "branch" : "main",
        "revision" : "a4ae230dc0ab5b28e3169f0306071f76a808055d"
      }
    },
    {
      "identity" : "u8g2kit",
      "kind" : "remoteSourceControl",
      "location" : "https://github.com/CmST0us/U8g2Kit",
      "state" : {
        "branch" : "main",
        "revision" : "cc39a2c8532f51d831305da414e4847a708b4b15"
      }
    }
  ],
  "version" : 3
}
